
Microsoft Visual Studio Solution File, Format Version 12.00
# Visual Studio Version 16
VisualStudioVersion = 16.0.30320.27
MinimumVisualStudioVersion = 10.0.40219.1
Project("{FAE04EC0-301F-11D3-BF4B-00C04F79EFBC}") = "IdentityServer", "IdentityServer\IdentityServer.csproj", "{0079AC20-0085-4540-97EF-8D0DE3F50654}"
EndProject
Project("{FAE04EC0-301F-11D3-BF4B-00C04F79EFBC}") = "SearchRepoApi", "SearchRepoApi\SearchRepoApi.csproj", "{0AEA91BF-E096-4280-9C50-78ABF3992B08}"
EndProject
Global
	GlobalSection(SolutionConfigurationPlatforms) = preSolution
		Debug|Any CPU = Debug|Any CPU
		Release|Any CPU = Release|Any CPU
	EndGlobalSection
	GlobalSection(ProjectConfigurationPlatforms) = postSolution
		{0079AC20-0085-4540-97EF-8D0DE3F50654}.Debug|Any CPU.ActiveCfg = Debug|Any CPU
		{0079AC20-0085-4540-97EF-8D0DE3F50654}.Debug|Any CPU.Build.0 = Debug|Any CPU
		{0079AC20-0085-4540-97EF-8D0DE3F50654}.Release|Any CPU.ActiveCfg = Release|Any CPU
		{0079AC20-0085-4540-97EF-8D0DE3F50654}.Release|Any CPU.Build.0 = Release|Any CPU
		{0AEA91BF-E096-4280-9C50-78ABF3992B08}.Debug|Any CPU.ActiveCfg = Debug|Any CPU
		{0AEA91BF-E096-4280-9C50-78ABF3992B08}.Debug|Any CPU.Build.0 = Debug|Any CPU
		{0AEA91BF-E096-4280-9C50-78ABF3992B08}.Release|Any CPU.ActiveCfg = Release|Any CPU
		{0AEA91BF-E096-4280-9C50-78ABF3992B08}.Release|Any CPU.Build.0 = Release|Any CPU
	EndGlobalSection
	GlobalSection(SolutionProperties) = preSolution
		HideSolutionNode = FALSE
	EndGlobalSection
	GlobalSection(ExtensibilityGlobals) = postSolution
		SolutionGuid = {D71D9365-73FB-4CAA-B3D7-F8487ACB5730}
	EndGlobalSection
EndGlobal
